
Microsoft Visual Studio Solution File, Format Version 12.00
# Visual Studio 15
VisualStudioVersion = 15.0.28307.106
MinimumVisualStudioVersion = 10.0.40219.1
Project("{2150E333-8FDC-42A3-9474-1A3956D46DE8}") = ".paket", ".paket", "{A1582D21-98E2-4B73-97ED-5444FAE9116C}"
	ProjectSection(SolutionItems) = preProject
		appveyor.yml = appveyor.yml
		paket.dependencies = paket.dependencies
		paket.lock = paket.lock
	EndProjectSection
EndProject
Project("{9A19103F-16F7-4668-BE54-9A1E7A4F7556}") = "Rdf.Vocabularies", "Rdf.Vocabularies\Rdf.Vocabularies.csproj", "{B549D5C4-7D1D-4A62-87A9-6B0A2115AF59}"
EndProject
Global
	GlobalSection(SolutionConfigurationPlatforms) = preSolution
		Debug|Any CPU = Debug|Any CPU
		Release|Any CPU = Release|Any CPU
	EndGlobalSection
	GlobalSection(ProjectConfigurationPlatforms) = postSolution
		{B549D5C4-7D1D-4A62-87A9-6B0A2115AF59}.Debug|Any CPU.ActiveCfg = Debug|Any CPU
		{B549D5C4-7D1D-4A62-87A9-6B0A2115AF59}.Debug|Any CPU.Build.0 = Debug|Any CPU
		{B549D5C4-7D1D-4A62-87A9-6B0A2115AF59}.Release|Any CPU.ActiveCfg = Release|Any CPU
		{B549D5C4-7D1D-4A62-87A9-6B0A2115AF59}.Release|Any CPU.Build.0 = Release|Any CPU
	EndGlobalSection
	GlobalSection(SolutionProperties) = preSolution
		HideSolutionNode = FALSE
	EndGlobalSection
	GlobalSection(ExtensibilityGlobals) = postSolution
		SolutionGuid = {1A03699F-FC4C-41D1-BF37-0272EBA55ED7}
	EndGlobalSection
EndGlobal
